# bench/origin/corpus.lock — exact provenance pin for every corpus.tsv entry.
#
# Committed so the matrix build is reproducible: build_matrix.sh checks each
# repo's current HEAD and Cargo.lock hash against this file before building
# and refuses (loud, not silent) on a mismatch.
#
# Recorded 2026-07-29 against:
rustc	1.98.0-nightly (9e2abe0c6 2026-06-16)
cargo	1.98.0-nightly (fe63976b2 2026-06-11)
#
# columns: name  git_sha  cargo_lock_sha256  remote_url
name	git_sha	cargo_lock_sha256	remote_url
oha	b8cd846806b4ddefdd447f5f9f95a66ac22146a4	62f7ee12c342ae7ed405e279ce094ff7cdcca32489183cfb938ac8dc224ba478	https://github.com/hatoo/oha
xh	87750f24ba910d3191747b54a981c9defffddbe1	0008d18e6bc7b9be30416ee643abf63736180105d99f23f59bc1bb02828031ab	https://github.com/ducaale/xh
miniserve	4dab4829184483e28b8a4464a3c953130cfe4592	d370b9bfaee4f1c9a005473761249395e8f2f0b4fc97bb85a4038362e25589d9	https://github.com/svenstaro/miniserve
dufs	fe7fd564f80dfbac361c8e0589c3845638149d38	114b8e0021e6630473baba623c327babd4b00c10de4807b1c97383a6fd0852e8	https://github.com/sigoden/dufs
procs	2f21c51d83f7a5d1ee7575c62d0a872f1745d54c	b11ce74077db836c4eae88515c104717d260a0027f16e407f73f73adb350629c	https://github.com/dalance/procs
starship	8eb25b8130d1b7bf0c98c71d6f978224814b5208	f72c004ae944c400ec7d90723dca8d775799fdcc383eec9706154c25c2a899f9	https://github.com/starship/starship
typos	3bc303c295c081add5df4a4d52a1e117f2fb2dce	83b73b5e4fda47432f7914ab5ed9d19b5268f25bde0248c4441ecc87de08d42d	https://github.com/crate-ci/typos
taplo	b673b44df2773db8673a00df2e7654b769f7fde7	1127605b17c00987c3a2fa397ce14fad51d46ac9c3c4b42f2a1b79e41a95ac42	https://github.com/tamasfe/taplo
tokei	fa44e5194060305576514d59b850353643afbfc8	20691d68bf9c3862a80e5dbb6aae0729469fa5d86eff884b682f028877389e95	https://github.com/XAMPPRocky/tokei
ripgrep	5e16a5c9e57e81f6031a23faa2ace52205fa8242	7a7d39cda8a03930e578f1dbb724e055771901842eca239e03b01e19da946a64	https://github.com/BurntSushi/ripgrep
trippy	4b2351b1b30813fc19a1037cfa86fe0b56a567a3	a547298c1d0984328b82632c04c8f7bc6e4c40927122e757883495c62be475e1	https://github.com/fujiapple852/trippy
just	c117d393a66cb4988c509f82df79ea687fd28c43	2ef3145629fe590fdd5f7effa0ad98de32fc65725e2193fcced44ab1d2d2db32	https://github.com/casey/just
hexyl	6ecc29b9c8c84d08a7e860f7f69c22b113b480ea	8ea5d9783696026e5ca55d669dd91b38d8613e9fe4f5a5ad701281142adf291d	https://github.com/sharkdp/hexyl
xsv	f4304660231d7907798e831411871d2679d335c3	17b4d59a6e6d65b59d8e837abf5481a2170553ee7ac31b7aa0822e51ec04564b	https://github.com/BurntSushi/xsv
zoxide	670bdf21b98fea0d82c5bb609665f2edf561d6d7	f2fbfa16c8172fc60ff86db2342efc1d0b6fa5131b8d5c26a59c7faad720d167	https://github.com/ajeetdsouza/zoxide
pastel	01d4252aa794f1331834948f133e75c64532be46	b0f8be5e086ee80e4c3adf69df75f35bb0ae0bbb38626bcfef4aeca8bad84957	https://github.com/sharkdp/pastel
bandwhich	1899870cea8bb377948f05cfea64733ec6ea2cd6	46b07965b52c9b84eec42919a17be2cc92e74f5f6e4ff6c1e43fef1be37ddb31	https://github.com/imsnif/bandwhich
bat	78951393e29bfd2f2a45f4326b9d2bb5e737dd2a	1bb01d988467e71a177a225214580964ba0ac02bed341c8686666c7e9cb44d0f	https://github.com/sharkdp/bat
bottom	8b2b3327b3e85ec22cc3151431c4056fc05a5aee	0b26fd7dff438b573ad8cd64b578fed70af1cd7bc8cf7224908ee56b08f17318	https://github.com/ClementTsang/bottom
dprint	89ff90b3cc6f9fa211c82fb5865491c8865ea79a	cc44f0c27cf9ccece12e1097b33b0b53a9f3521d129eb7188e16f93e84d1d22b	https://github.com/dprint/dprint
dust	93fe658574b1677052fba8b042283174b0fdef49	81eee3fba68b4ef1c4b98f6aec1a199bb27d5d13cd595c16f62bda5f564e0c53	https://github.com/bootandy/dust
eza	471bfbc7b03cbac8c738e8d9050edb06ee79132a	0129ecd4d40b5a511c5f8ce81852171719678509ac942ea42ca9998525431ce2	https://github.com/eza-community/eza
fclones	a74f90d293e05856d19a4c0ac2b29b46ef16cf23	3f151455d8994d711d7576defe660d9c56e1cbac70b3dfb0781763bfcd2eed96	https://github.com/pkolaczk/fclones
fd	1bfeea237a48c9545211e5c21d623d398fa712c6	78893d822c41d58850b706ad9055c6b44dfe74e4a485c430e970fcdae275b020	https://github.com/sharkdp/fd
gping	edb335d424a156ca543ae61b0d79361842416fe7	3add2864c75b12c5f90912f2083182c07f326a7841114910ac8b3b9909572203	https://github.com/orf/gping
grex	99cc347707375e00514f938b76d885a201dfc110	efea320d0efe118ee4b68a8bfa76e40ff13e571157aec6a9baf030e89310e24a	https://github.com/pemistahl/grex
hyperfine	f12f3d9f86f3643b3b7deace5e160b1f0f44d2b7	f3b341ae4c03197e61ee9e9b157c3a8669ea0cce23da68ded1e085fcbca8b9ba	https://github.com/sharkdp/hyperfine
ouch	85938c3b0df7c7c80898029c74ee7ad29dbc9c1d	f5235d29f486dcc63844f9a47613abf74a672c8cf74c7858a6745f2c66e585ae	https://github.com/ouch-org/ouch
rage	b5b68c4f4f7ea5c368bc060f6fe0237549c3a13f	b0a8b4ae058e50916e3361dc6cd03096b85e2d674bfa4c38605ff9cf4fa8b2b4	https://github.com/str4d/rage
rustscan	e9dadb4a30dd0f3cc8b9b1c630a28ad351f8dbc3	bfa2dba6366c2098cb6ad84297c720367549e5a6a791f7a7928037a00ada850f	https://github.com/RustScan/RustScan
sd	44febdf86343c653255ae4f20f5e1882dad6be17	f39a765ca39112eab6341fb8375681f59ced014c0e0a4a1c772f6fd62318b9e2	https://github.com/chmln/sd
tealdeer	f8a2003bc28a67f8f17809699716c0d7b92b479b	1469f44b1b84989ca06c51b09afbf2bcfff8ba7555fc311034772b074c28f930	https://github.com/dbrgn/tealdeer
zellij	cab75c58fec089d7ee97c0e7ca1abafa9ef5e33f	cbc74ecf10295064f9ee4c78364eac4fd6195c0b64582e4c9cedec536d235323	https://github.com/zellij-org/zellij
websocat	aa8fadaa212c2287067b722d4440b4f4118b39ea	3e81c254f4c402d82a1a80a0b783f53e0cbe14e74122c0ed72591a9bc0b3eeb8	https://github.com/vi/websocat
bore	00a735a89917642df62d84336a90d9476fa175b5	3e61177701c0294a863ef939a2a01ca5889bf38923eb029ee5432fecde9adb5b	https://github.com/ekzhang/bore
mqttui	28c4ba2ebc69bb72a19f1efd4ab3caea04fd79d3	f6217d59c7696e33497659ce3a709fbc740b3078a05e0fcb556315c5e36ebc12	https://github.com/EdJoPaTo/mqttui
rathole	5a9dd6d939744859af322aeff7fd60f7483a68bc	e2bb7afb31f09acba118d94bff764ddf44ab3dfb36a4a6f8ec2e405306d15706	https://github.com/rathole-org/rathole
dog	721440b12ef01a812abe5dc6ced69af6e221fad5	3538e621882ce9f8951ea3ea0a32d7cd38a41d5d974bc0f88a1e88fd3b0d74e5	https://github.com/ogham/dog
feroxbuster	378d75964c45db9c92826316ff631d34d59396c7	de98b15c506bd95705450f476782b172dd1ff54c316229acd55c55d756a50b29	https://github.com/epi052/feroxbuster
pueue	b3fe223ef0a3c51d95d5c6128700b79442c54af7	b2047c22103e0e8b522ff21d6b34d5f3f7dc45b08046bab3290207b85e60f505	https://github.com/Nukesor/pueue
wormhole-rs	41d78aed662d29729c98ac5715d7e413c139e18e	791c1bc91801ccf9abc778d2de947f8cd5f1fcb537cb5ba88e0cf17e02ae0c23	https://github.com/magic-wormhole/magic-wormhole.rs
oxker	66c584b7a365a601b8a5a9af3b10b9a078bfecaf	38ff2fa63f102bf0b776a1122a6438df41b9a08c60df003cb2c2ae847e2325f0	https://github.com/mrjackwills/oxker
